
Microsoft Visual Studio Solution File, Format Version 12.00
# Visual Studio Version 17
VisualStudioVersion = 17.13.35828.75 d17.13
MinimumVisualStudioVersion = 10.0.40219.1
Project("{FAE04EC0-301F-11D3-BF4B-00C04F79EFBC}") = "ExpenseTracker", "ExpenseTracker\ExpenseTracker.csproj", "{E482053F-C908-4C55-9251-5571AFF60384}"
EndProject
Global
	GlobalSection(SolutionConfigurationPlatforms) = preSolution
		Debug|Any CPU = Debug|Any CPU
		Release|Any CPU = Release|Any CPU
	EndGlobalSection
	GlobalSection(ProjectConfigurationPlatforms) = postSolution
		{E482053F-C908-4C55-9251-5571AFF60384}.Debug|Any CPU.ActiveCfg = Debug|Any CPU
		{E482053F-C908-4C55-9251-5571AFF60384}.Debug|Any CPU.Build.0 = Debug|Any CPU
		{E482053F-C908-4C55-9251-5571AFF60384}.Release|Any CPU.ActiveCfg = Release|Any CPU
		{E482053F-C908-4C55-9251-5571AFF60384}.Release|Any CPU.Build.0 = Release|Any CPU
	EndGlobalSection
	GlobalSection(SolutionProperties) = preSolution
		HideSolutionNode = FALSE
	EndGlobalSection
	GlobalSection(ExtensibilityGlobals) = postSolution
		SolutionGuid = {FB52F2EE-FF2C-4EF6-8754-8BDF52C614B1}
	EndGlobalSection
EndGlobal
